
Microsoft Visual Studio Solution File, Format Version 12.00
# Visual Studio 15
VisualStudioVersion = 15.0.28307.329
MinimumVisualStudioVersion = 10.0.40219.1
Project("{9A19103F-16F7-4668-BE54-9A1E7A4F7556}") = "SoloX.ActionDispatch.Core", "src\libs\SoloX.ActionDispatch.Core\SoloX.ActionDispatch.Core.csproj", "{F730E09C-3DD9-4625-90C1-3816A8C8E81E}"
EndProject
Project("{9A19103F-16F7-4668-BE54-9A1E7A4F7556}") = "SoloX.ActionDispatch.Examples", "src\examples\SoloX.ActionDispatch.Examples\SoloX.ActionDispatch.Examples.csproj", "{0F4E6B37-D526-4CCD-9F31-EBA4532B5D64}"
EndProject
Project("{9A19103F-16F7-4668-BE54-9A1E7A4F7556}") = "SoloX.ActionDispatch.Core.UTest", "src\tests\SoloX.ActionDispatch.Core.UTest\SoloX.ActionDispatch.Core.UTest.csproj", "{065EB350-7C46-4CA5-BBD0-8E2F6A4475EE}"
EndProject
Project("{9A19103F-16F7-4668-BE54-9A1E7A4F7556}") = "SoloX.ActionDispatch.Tools", "src\tools\SoloX.ActionDispatch.Tools\SoloX.ActionDispatch.Tools.csproj", "{88744C69-32B0-4A1C-964A-12341497780D}"
EndProject
Project("{9A19103F-16F7-4668-BE54-9A1E7A4F7556}") = "SoloX.ActionDispatch.State.Generator", "src\tools\SoloX.ActionDispatch.State.Generator\SoloX.ActionDispatch.State.Generator.csproj", "{768579B8-EA11-47A1-8A9D-8B8E3B3F445B}"
EndProject
Project("{2150E333-8FDC-42A3-9474-1A3956D46DE8}") = "Libs", "Libs", "{8A1BF072-D6FD-4D7D-BAD2-304D6260BD4A}"
EndProject
Project("{2150E333-8FDC-42A3-9474-1A3956D46DE8}") = "Tests", "Tests", "{9CC5872A-041F-4058-A338-803653E3141B}"
EndProject
Project("{2150E333-8FDC-42A3-9474-1A3956D46DE8}") = "Tools", "Tools", "{BEE0C98F-8C65-4EED-B56D-E5307A495005}"
EndProject
Project("{2150E333-8FDC-42A3-9474-1A3956D46DE8}") = "Examples", "Examples", "{C3FDC762-1837-4392-9F5A-D4164284879B}"
EndProject
Project("{9A19103F-16F7-4668-BE54-9A1E7A4F7556}") = "SoloX.ActionDispatch.State.Sample", "src\tools\SoloX.ActionDispatch.State.Sample\SoloX.ActionDispatch.State.Sample.csproj", "{F427AC47-A485-46AA-9D8C-97A077BD0F65}"
EndProject
Project("{2150E333-8FDC-42A3-9474-1A3956D46DE8}") = "Documents", "Documents", "{5C891839-DA61-43F4-9DF9-32B521A03B1E}"
	ProjectSection(SolutionItems) = preProject
		LICENSE = LICENSE
		README.md = README.md
	EndProjectSection
EndProject
Project("{FAE04EC0-301F-11D3-BF4B-00C04F79EFBC}") = "SoloX.ActionDispatch.Core.ITest", "src\tests\SoloX.ActionDispatch.Core.ITest\SoloX.ActionDispatch.Core.ITest.csproj", "{0E49D5F4-5CBE-41B0-99F9-8051EB4EAF91}"
EndProject
Global
	GlobalSection(SolutionConfigurationPlatforms) = preSolution
		Debug|Any CPU = Debug|Any CPU
		Release|Any CPU = Release|Any CPU
	EndGlobalSection
	GlobalSection(ProjectConfigurationPlatforms) = postSolution
		{F730E09C-3DD9-4625-90C1-3816A8C8E81E}.Debug|Any CPU.ActiveCfg = Debug|Any CPU
		{F730E09C-3DD9-4625-90C1-3816A8C8E81E}.Debug|Any CPU.Build.0 = Debug|Any CPU
		{F730E09C-3DD9-4625-90C1-3816A8C8E81E}.Release|Any CPU.ActiveCfg = Release|Any CPU
		{F730E09C-3DD9-4625-90C1-3816A8C8E81E}.Release|Any CPU.Build.0 = Release|Any CPU
		{0F4E6B37-D526-4CCD-9F31-EBA4532B5D64}.Debug|Any CPU.ActiveCfg = Debug|Any CPU
		{0F4E6B37-D526-4CCD-9F31-EBA4532B5D64}.Debug|Any CPU.Build.0 = Debug|Any CPU
		{0F4E6B37-D526-4CCD-9F31-EBA4532B5D64}.Release|Any CPU.ActiveCfg = Release|Any CPU
		{0F4E6B37-D526-4CCD-9F31-EBA4532B5D64}.Release|Any CPU.Build.0 = Release|Any CPU
		{065EB350-7C46-4CA5-BBD0-8E2F6A4475EE}.Debug|Any CPU.ActiveCfg = Debug|Any CPU
		{065EB350-7C46-4CA5-BBD0-8E2F6A4475EE}.Debug|Any CPU.Build.0 = Debug|Any CPU
		{065EB350-7C46-4CA5-BBD0-8E2F6A4475EE}.Release|Any CPU.ActiveCfg = Release|Any CPU
		{065EB350-7C46-4CA5-BBD0-8E2F6A4475EE}.Release|Any CPU.Build.0 = Release|Any CPU
		{88744C69-32B0-4A1C-964A-12341497780D}.Debug|Any CPU.ActiveCfg = Debug|Any CPU
		{88744C69-32B0-4A1C-964A-12341497780D}.Debug|Any CPU.Build.0 = Debug|Any CPU
		{88744C69-32B0-4A1C-964A-12341497780D}.Release|Any CPU.ActiveCfg = Release|Any CPU
		{88744C69-32B0-4A1C-964A-12341497780D}.Release|Any CPU.Build.0 = Release|Any CPU
		{768579B8-EA11-47A1-8A9D-8B8E3B3F445B}.Debug|Any CPU.ActiveCfg = Debug|Any CPU
		{768579B8-EA11-47A1-8A9D-8B8E3B3F445B}.Debug|Any CPU.Build.0 = Debug|Any CPU
		{768579B8-EA11-47A1-8A9D-8B8E3B3F445B}.Release|Any CPU.ActiveCfg = Release|Any CPU
		{768579B8-EA11-47A1-8A9D-8B8E3B3F445B}.Release|Any CPU.Build.0 = Release|Any CPU
		{F427AC47-A485-46AA-9D8C-97A077BD0F65}.Debug|Any CPU.ActiveCfg = Debug|Any CPU
		{F427AC47-A485-46AA-9D8C-97A077BD0F65}.Debug|Any CPU.Build.0 = Debug|Any CPU
		{F427AC47-A485-46AA-9D8C-97A077BD0F65}.Release|Any CPU.ActiveCfg = Release|Any CPU
		{F427AC47-A485-46AA-9D8C-97A077BD0F65}.Release|Any CPU.Build.0 = Release|Any CPU
		{0E49D5F4-5CBE-41B0-99F9-8051EB4EAF91}.Debug|Any CPU.ActiveCfg = Debug|Any CPU
		{0E49D5F4-5CBE-41B0-99F9-8051EB4EAF91}.Debug|Any CPU.Build.0 = Debug|Any CPU
		{0E49D5F4-5CBE-41B0-99F9-8051EB4EAF91}.Release|Any CPU.ActiveCfg = Release|Any CPU
		{0E49D5F4-5CBE-41B0-99F9-8051EB4EAF91}.Release|Any CPU.Build.0 = Release|Any CPU
	EndGlobalSection
	GlobalSection(SolutionProperties) = preSolution
		HideSolutionNode = FALSE
	EndGlobalSection
	GlobalSection(NestedProjects) = preSolution
		{F730E09C-3DD9-4625-90C1-3816A8C8E81E} = {8A1BF072-D6FD-4D7D-BAD2-304D6260BD4A}
		{0F4E6B37-D526-4CCD-9F31-EBA4532B5D64} = {C3FDC762-1837-4392-9F5A-D4164284879B}
		{065EB350-7C46-4CA5-BBD0-8E2F6A4475EE} = {9CC5872A-041F-4058-A338-803653E3141B}
		{88744C69-32B0-4A1C-964A-12341497780D} = {BEE0C98F-8C65-4EED-B56D-E5307A495005}
		{768579B8-EA11-47A1-8A9D-8B8E3B3F445B} = {BEE0C98F-8C65-4EED-B56D-E5307A495005}
		{F427AC47-A485-46AA-9D8C-97A077BD0F65} = {BEE0C98F-8C65-4EED-B56D-E5307A495005}
		{0E49D5F4-5CBE-41B0-99F9-8051EB4EAF91} = {9CC5872A-041F-4058-A338-803653E3141B}
	EndGlobalSection
	GlobalSection(ExtensibilityGlobals) = postSolution
		SolutionGuid = {C234AD4E-8AE5-4C97-91A7-CE66AE5EFF32}
	EndGlobalSection
EndGlobal
