
Microsoft Visual Studio Solution File, Format Version 12.00
# Visual Studio 15
VisualStudioVersion = 15.0.28307.329
MinimumVisualStudioVersion = 10.0.40219.1
Project("{9A19103F-16F7-4668-BE54-9A1E7A4F7556}") = "SoloX.ActionDispatch.Core", "src\libs\SoloX.ActionDispatch.Core\SoloX.ActionDispatch.Core.csproj", "{F730E09C-3DD9-4625-90C1-3816A8C8E81E}"
EndProject
Project("{9A19103F-16F7-4668-BE54-9A1E7A4F7556}") = "SoloX.ActionDispatch.Examples", "src\examples\SoloX.ActionDispatch.Examples\SoloX.ActionDispatch.Examples.csproj", "{0F4E6B37-D526-4CCD-9F31-EBA4532B5D64}"
EndProject
Project("{FAE04EC0-301F-11D3-BF4B-00C04F79EFBC}") = "SoloX.ActionDispatch.Core.UTest", "src\tests\SoloX.ActionDispatch.Core.UTest\SoloX.ActionDispatch.Core.UTest.csproj", "{065EB350-7C46-4CA5-BBD0-8E2F6A4475EE}"
EndProject
Global
	GlobalSection(SolutionConfigurationPlatforms) = preSolution
		Debug|Any CPU = Debug|Any CPU
		Release|Any CPU = Release|Any CPU
	EndGlobalSection
	GlobalSection(ProjectConfigurationPlatforms) = postSolution
		{F730E09C-3DD9-4625-90C1-3816A8C8E81E}.Debug|Any CPU.ActiveCfg = Debug|Any CPU
		{F730E09C-3DD9-4625-90C1-3816A8C8E81E}.Debug|Any CPU.Build.0 = Debug|Any CPU
		{F730E09C-3DD9-4625-90C1-3816A8C8E81E}.Release|Any CPU.ActiveCfg = Release|Any CPU
		{F730E09C-3DD9-4625-90C1-3816A8C8E81E}.Release|Any CPU.Build.0 = Release|Any CPU
		{0F4E6B37-D526-4CCD-9F31-EBA4532B5D64}.Debug|Any CPU.ActiveCfg = Debug|Any CPU
		{0F4E6B37-D526-4CCD-9F31-EBA4532B5D64}.Debug|Any CPU.Build.0 = Debug|Any CPU
		{0F4E6B37-D526-4CCD-9F31-EBA4532B5D64}.Release|Any CPU.ActiveCfg = Release|Any CPU
		{0F4E6B37-D526-4CCD-9F31-EBA4532B5D64}.Release|Any CPU.Build.0 = Release|Any CPU
		{065EB350-7C46-4CA5-BBD0-8E2F6A4475EE}.Debug|Any CPU.ActiveCfg = Debug|Any CPU
		{065EB350-7C46-4CA5-BBD0-8E2F6A4475EE}.Debug|Any CPU.Build.0 = Debug|Any CPU
		{065EB350-7C46-4CA5-BBD0-8E2F6A4475EE}.Release|Any CPU.ActiveCfg = Release|Any CPU
		{065EB350-7C46-4CA5-BBD0-8E2F6A4475EE}.Release|Any CPU.Build.0 = Release|Any CPU
	EndGlobalSection
	GlobalSection(SolutionProperties) = preSolution
		HideSolutionNode = FALSE
	EndGlobalSection
	GlobalSection(ExtensibilityGlobals) = postSolution
		SolutionGuid = {C234AD4E-8AE5-4C97-91A7-CE66AE5EFF32}
	EndGlobalSection
EndGlobal
